{
  "name": "tomato",
  "version": "1.0.0",
  "lockfileVersion": 1,
  "requires": true,
  "dependencies": {
    "dayjs": {
      "version": "1.9.3",
      "resolved": "https://registry.npm.taobao.org/dayjs/download/dayjs-1.9.3.tgz?cache=0&sync_timestamp=1602580844274&other_urls=https%3A%2F%2Fregistry.npm.taobao.org%2Fdayjs%2Fdownload%2Fdayjs-1.9.3.tgz",
      "integrity": "sha1-t/lLIq0qE2pMoCoBq2iuiT/homg="
    },
    "fast-deep-equal": {
      "version": "2.0.1",
      "resolved": "https://registry.npm.taobao.org/fast-deep-equal/download/fast-deep-equal-2.0.1.tgz?cache=0&sync_timestamp=1591599659970&other_urls=https%3A%2F%2Fregistry.npm.taobao.org%2Ffast-deep-equal%2Fdownload%2Ffast-deep-equal-2.0.1.tgz",
      "integrity": "sha1-ewUhjd+WZ79/Nwv3/bLLFf3Qqkk="
    },
    "miniprogram-computed": {
      "version": "2.1.1",
      "resolved": "https://registry.npm.taobao.org/miniprogram-computed/download/miniprogram-computed-2.1.1.tgz",
      "integrity": "sha1-w5PpZ6j25e4mpCBfaa4+uaI7ewc=",
      "requires": {
        "fast-deep-equal": "^2.0.1",
        "rfdc": "^1.1.4"
      }
    },
    "rfdc": {
      "version": "1.1.4",
      "resolved": "https://registry.npm.taobao.org/rfdc/download/rfdc-1.1.4.tgz",
      "integrity": "sha1-unLME2egzNnPgahws7WL060H+MI="
    }
  }
}
